
Microsoft Visual Studio Solution File, Format Version 12.00
# Visual Studio Version 17
VisualStudioVersion = 17.0.31919.166
MinimumVisualStudioVersion = 10.0.40219.1
Project("{FAE04EC0-301F-11D3-BF4B-00C04F79EFBC}") = "Micro.EPMS.Goal", "Micro.EPMS.Goal.csproj", "{EE212A1F-37FC-450E-99B2-7AF3EB8F0336}"
EndProject
Global
	GlobalSection(SolutionConfigurationPlatforms) = preSolution
		Debug|Any CPU = Debug|Any CPU
		Release|Any CPU = Release|Any CPU
	EndGlobalSection
	GlobalSection(ProjectConfigurationPlatforms) = postSolution
		{EE212A1F-37FC-450E-99B2-7AF3EB8F0336}.Debug|Any CPU.ActiveCfg = Debug|Any CPU
		{EE212A1F-37FC-450E-99B2-7AF3EB8F0336}.Debug|Any CPU.Build.0 = Debug|Any CPU
		{EE212A1F-37FC-450E-99B2-7AF3EB8F0336}.Release|Any CPU.ActiveCfg = Release|Any CPU
		{EE212A1F-37FC-450E-99B2-7AF3EB8F0336}.Release|Any CPU.Build.0 = Release|Any CPU
	EndGlobalSection
	GlobalSection(SolutionProperties) = preSolution
		HideSolutionNode = FALSE
	EndGlobalSection
	GlobalSection(ExtensibilityGlobals) = postSolution
		SolutionGuid = {19944F0A-A9A6-4AC1-B47A-8D9F42A473A4}
	EndGlobalSection
EndGlobal
