
Microsoft Visual Studio Solution File, Format Version 12.00
# Visual Studio Version 17
VisualStudioVersion = 17.0.31919.166
MinimumVisualStudioVersion = 10.0.40219.1
Project("{FAE04EC0-301F-11D3-BF4B-00C04F79EFBC}") = "Micro.EPMS.Auth", "Micro.EPMS.Auth.csproj", "{58986BB0-6CC5-4D65-862A-9473C9100F47}"
EndProject
Project("{FAE04EC0-301F-11D3-BF4B-00C04F79EFBC}") = "Micro.EPMS.Auth.ViewModels", "..\Micro.EPMS.Auth.ViewModels\Micro.EPMS.Auth.ViewModels.csproj", "{8BC83D2D-9A1D-4373-AC71-AE02F3410CE1}"
EndProject
Project("{FAE04EC0-301F-11D3-BF4B-00C04F79EFBC}") = "Micro.EPMS.Auth.DomainModels", "..\Micro.EPMS.Auth.DomainModels\Micro.EPMS.Auth.DomainModels.csproj", "{BCD1EABE-28E6-4168-A720-8997A1B72C9E}"
EndProject
Global
	GlobalSection(SolutionConfigurationPlatforms) = preSolution
		Debug|Any CPU = Debug|Any CPU
		Release|Any CPU = Release|Any CPU
	EndGlobalSection
	GlobalSection(ProjectConfigurationPlatforms) = postSolution
		{58986BB0-6CC5-4D65-862A-9473C9100F47}.Debug|Any CPU.ActiveCfg = Debug|Any CPU
		{58986BB0-6CC5-4D65-862A-9473C9100F47}.Debug|Any CPU.Build.0 = Debug|Any CPU
		{58986BB0-6CC5-4D65-862A-9473C9100F47}.Release|Any CPU.ActiveCfg = Release|Any CPU
		{58986BB0-6CC5-4D65-862A-9473C9100F47}.Release|Any CPU.Build.0 = Release|Any CPU
		{8BC83D2D-9A1D-4373-AC71-AE02F3410CE1}.Debug|Any CPU.ActiveCfg = Debug|Any CPU
		{8BC83D2D-9A1D-4373-AC71-AE02F3410CE1}.Debug|Any CPU.Build.0 = Debug|Any CPU
		{8BC83D2D-9A1D-4373-AC71-AE02F3410CE1}.Release|Any CPU.ActiveCfg = Release|Any CPU
		{8BC83D2D-9A1D-4373-AC71-AE02F3410CE1}.Release|Any CPU.Build.0 = Release|Any CPU
		{BCD1EABE-28E6-4168-A720-8997A1B72C9E}.Debug|Any CPU.ActiveCfg = Debug|Any CPU
		{BCD1EABE-28E6-4168-A720-8997A1B72C9E}.Debug|Any CPU.Build.0 = Debug|Any CPU
		{BCD1EABE-28E6-4168-A720-8997A1B72C9E}.Release|Any CPU.ActiveCfg = Release|Any CPU
		{BCD1EABE-28E6-4168-A720-8997A1B72C9E}.Release|Any CPU.Build.0 = Release|Any CPU
	EndGlobalSection
	GlobalSection(SolutionProperties) = preSolution
		HideSolutionNode = FALSE
	EndGlobalSection
	GlobalSection(ExtensibilityGlobals) = postSolution
		SolutionGuid = {1A0F043C-188D-48D1-86F3-5DD9C609DF4B}
	EndGlobalSection
EndGlobal
